
Microsoft Visual Studio Solution File, Format Version 12.00
# Visual Studio Version 16
VisualStudioVersion = 16.0.31624.102
MinimumVisualStudioVersion = 10.0.40219.1
Project("{FAE04EC0-301F-11D3-BF4B-00C04F79EFBC}") = "Alarm", "Alarm\Alarm.csproj", "{A243CE75-722B-4909-9B02-0CF2F0D61E31}"
EndProject
Global
	GlobalSection(SolutionConfigurationPlatforms) = preSolution
		Debug|Any CPU = Debug|Any CPU
		Release|Any CPU = Release|Any CPU
	EndGlobalSection
	GlobalSection(ProjectConfigurationPlatforms) = postSolution
		{A243CE75-722B-4909-9B02-0CF2F0D61E31}.Debug|Any CPU.ActiveCfg = Debug|Any CPU
		{A243CE75-722B-4909-9B02-0CF2F0D61E31}.Debug|Any CPU.Build.0 = Debug|Any CPU
		{A243CE75-722B-4909-9B02-0CF2F0D61E31}.Release|Any CPU.ActiveCfg = Release|Any CPU
		{A243CE75-722B-4909-9B02-0CF2F0D61E31}.Release|Any CPU.Build.0 = Release|Any CPU
	EndGlobalSection
	GlobalSection(SolutionProperties) = preSolution
		HideSolutionNode = FALSE
	EndGlobalSection
	GlobalSection(ExtensibilityGlobals) = postSolution
		SolutionGuid = {FCE56F29-2878-4B8A-B9DB-7C9242248719}
	EndGlobalSection
EndGlobal
